
Microsoft Visual Studio Solution File, Format Version 12.00
Project("{FAE04EC0-301F-11D3-BF4B-00C04F79EFBC}") = "Intacct.Examples", "Intacct.Examples\Intacct.Examples.csproj", "{A034E8E6-0D56-4A8A-8E99-9C098FE26E29}"
EndProject
Global
	GlobalSection(SolutionConfigurationPlatforms) = preSolution
		Debug|Any CPU = Debug|Any CPU
		Release|Any CPU = Release|Any CPU
	EndGlobalSection
	GlobalSection(ProjectConfigurationPlatforms) = postSolution
		{A034E8E6-0D56-4A8A-8E99-9C098FE26E29}.Debug|Any CPU.ActiveCfg = Debug|Any CPU
		{A034E8E6-0D56-4A8A-8E99-9C098FE26E29}.Debug|Any CPU.Build.0 = Debug|Any CPU
		{A034E8E6-0D56-4A8A-8E99-9C098FE26E29}.Release|Any CPU.ActiveCfg = Release|Any CPU
		{A034E8E6-0D56-4A8A-8E99-9C098FE26E29}.Release|Any CPU.Build.0 = Release|Any CPU
		{5863A9DF-6CCF-460D-9C1B-79600ED1EE0A}.Debug|Any CPU.ActiveCfg = Debug|Any CPU
		{5863A9DF-6CCF-460D-9C1B-79600ED1EE0A}.Debug|Any CPU.Build.0 = Debug|Any CPU
		{5863A9DF-6CCF-460D-9C1B-79600ED1EE0A}.Release|Any CPU.ActiveCfg = Release|Any CPU
		{5863A9DF-6CCF-460D-9C1B-79600ED1EE0A}.Release|Any CPU.Build.0 = Release|Any CPU
	EndGlobalSection
EndGlobal
